
Microsoft Visual Studio Solution File, Format Version 12.00
Project("{FAE04EC0-301F-11D3-BF4B-00C04F79EFBC}") = "Nabu.RCL", "Nabu.RCL\Nabu.RCL.csproj", "{A62D0F74-D95A-4470-B0E0-25A21DFB0B94}"
EndProject
Project("{FAE04EC0-301F-11D3-BF4B-00C04F79EFBC}") = "Nabu.RazorPagesDemo", "Nabu.RazorPagesDemo\Nabu.RazorPagesDemo.csproj", "{791D4DE5-4186-48B6-8372-4D0B796770AE}"
EndProject
Project("{FAE04EC0-301F-11D3-BF4B-00C04F79EFBC}") = "Nabu.Local", "Nabu.Local\Nabu.Local.csproj", "{A0F80A4E-4724-4168-92B9-56B2AD3870A1}"
EndProject
Project("{FAE04EC0-301F-11D3-BF4B-00C04F79EFBC}") = "Nabu.BlazorDemo", "Nabu.BlazorDemo\Nabu.BlazorDemo.csproj", "{9B281A2F-0EB9-4A2B-B588-F4B1B49E1EB1}"
EndProject
Project("{FAE04EC0-301F-11D3-BF4B-00C04F79EFBC}") = "NanoWakeWord", "external\NanoWakeWord\NanoWakeWord\NanoWakeWord.csproj", "{7034666F-E5B4-4B1B-B43E-8458F7683398}"
EndProject
Project("{FAE04EC0-301F-11D3-BF4B-00C04F79EFBC}") = "VadDotNet", "external\silero-vad\examples\csharp\VadDotNet.csproj", "{5ABC3064-CB9C-43A7-A3BD-5468FF040F28}"
EndProject
Global
	GlobalSection(SolutionConfigurationPlatforms) = preSolution
		Debug|Any CPU = Debug|Any CPU
		Release|Any CPU = Release|Any CPU
	EndGlobalSection
	GlobalSection(ProjectConfigurationPlatforms) = postSolution
		{A62D0F74-D95A-4470-B0E0-25A21DFB0B94}.Debug|Any CPU.ActiveCfg = Debug|Any CPU
		{A62D0F74-D95A-4470-B0E0-25A21DFB0B94}.Debug|Any CPU.Build.0 = Debug|Any CPU
		{A62D0F74-D95A-4470-B0E0-25A21DFB0B94}.Release|Any CPU.ActiveCfg = Release|Any CPU
		{A62D0F74-D95A-4470-B0E0-25A21DFB0B94}.Release|Any CPU.Build.0 = Release|Any CPU
		{791D4DE5-4186-48B6-8372-4D0B796770AE}.Debug|Any CPU.ActiveCfg = Debug|Any CPU
		{791D4DE5-4186-48B6-8372-4D0B796770AE}.Debug|Any CPU.Build.0 = Debug|Any CPU
		{791D4DE5-4186-48B6-8372-4D0B796770AE}.Release|Any CPU.ActiveCfg = Release|Any CPU
		{791D4DE5-4186-48B6-8372-4D0B796770AE}.Release|Any CPU.Build.0 = Release|Any CPU
		{A0F80A4E-4724-4168-92B9-56B2AD3870A1}.Debug|Any CPU.ActiveCfg = Debug|Any CPU
		{A0F80A4E-4724-4168-92B9-56B2AD3870A1}.Debug|Any CPU.Build.0 = Debug|Any CPU
		{A0F80A4E-4724-4168-92B9-56B2AD3870A1}.Release|Any CPU.ActiveCfg = Release|Any CPU
		{A0F80A4E-4724-4168-92B9-56B2AD3870A1}.Release|Any CPU.Build.0 = Release|Any CPU
		{9B281A2F-0EB9-4A2B-B588-F4B1B49E1EB1}.Debug|Any CPU.ActiveCfg = Debug|Any CPU
		{9B281A2F-0EB9-4A2B-B588-F4B1B49E1EB1}.Debug|Any CPU.Build.0 = Debug|Any CPU
		{9B281A2F-0EB9-4A2B-B588-F4B1B49E1EB1}.Release|Any CPU.ActiveCfg = Release|Any CPU
		{9B281A2F-0EB9-4A2B-B588-F4B1B49E1EB1}.Release|Any CPU.Build.0 = Release|Any CPU
		{7034666F-E5B4-4B1B-B43E-8458F7683398}.Debug|Any CPU.ActiveCfg = Debug|Any CPU
		{7034666F-E5B4-4B1B-B43E-8458F7683398}.Debug|Any CPU.Build.0 = Debug|Any CPU
		{7034666F-E5B4-4B1B-B43E-8458F7683398}.Release|Any CPU.ActiveCfg = Release|Any CPU
		{7034666F-E5B4-4B1B-B43E-8458F7683398}.Release|Any CPU.Build.0 = Release|Any CPU
		{5ABC3064-CB9C-43A7-A3BD-5468FF040F28}.Debug|Any CPU.ActiveCfg = Debug|Any CPU
		{5ABC3064-CB9C-43A7-A3BD-5468FF040F28}.Debug|Any CPU.Build.0 = Debug|Any CPU
		{5ABC3064-CB9C-43A7-A3BD-5468FF040F28}.Release|Any CPU.ActiveCfg = Release|Any CPU
		{5ABC3064-CB9C-43A7-A3BD-5468FF040F28}.Release|Any CPU.Build.0 = Release|Any CPU
	EndGlobalSection
EndGlobal
