
Microsoft Visual Studio Solution File, Format Version 12.00
Project("{FAE04EC0-301F-11D3-BF4B-00C04F79EFBC}") = "NanoWakeWord", "external\NanoWakeWord\NanoWakeWord\NanoWakeWord.csproj", "{7034666F-E5B4-4B1B-B43E-8458F7683398}"
EndProject
Project("{FAE04EC0-301F-11D3-BF4B-00C04F79EFBC}") = "VadDotNet", "external\silero-vad\examples\csharp\VadDotNet.csproj", "{5ABC3064-CB9C-43A7-A3BD-5468FF040F28}"
EndProject
Project("{FAE04EC0-301F-11D3-BF4B-00C04F79EFBC}") = "Nabu.RazorPagesDemo", "examples\Nabu.RazorPagesDemo\Nabu.RazorPagesDemo.csproj", "{5F10D577-1B2A-40CF-8537-A22012D42557}"
EndProject
Project("{FAE04EC0-301F-11D3-BF4B-00C04F79EFBC}") = "Nabu", "src\Nabu\Nabu.csproj", "{AF122E0A-3767-48B1-B967-D0DC08982F00}"
EndProject
Project("{FAE04EC0-301F-11D3-BF4B-00C04F79EFBC}") = "Nabu.Core", "src\Nabu.Core\Nabu.Core.csproj", "{E642FA24-1329-4AF4-B35D-5D09A47DC5B7}"
EndProject
Project("{FAE04EC0-301F-11D3-BF4B-00C04F79EFBC}") = "Nabu.Local", "src\Nabu.Local\Nabu.Local.csproj", "{6254BF21-0ACC-411E-9FD5-4FB651617C5E}"
EndProject
Project("{FAE04EC0-301F-11D3-BF4B-00C04F79EFBC}") = "Nabu.BlazorDemoSimple", "examples\Nabu.BlazorDemoSimple\Nabu.BlazorDemoSimple.csproj", "{904A0340-CC60-43D3-B218-C552F2945F56}"
EndProject
Project("{2150E333-8FDC-42A3-9474-1A3956D46DE8}") = "examples", "examples", "{842FD477-DE36-4B27-9921-5874FC526A44}"
EndProject
Project("{2150E333-8FDC-42A3-9474-1A3956D46DE8}") = "external", "external", "{BFCB1D50-EC45-43D8-A0C0-8FCFD3CD941C}"
EndProject
Project("{2150E333-8FDC-42A3-9474-1A3956D46DE8}") = "src", "src", "{6FED9533-882D-4850-AE65-0C315A613696}"
EndProject
Project("{FAE04EC0-301F-11D3-BF4B-00C04F79EFBC}") = "Nabu.Server", "src\Nabu.Server\Nabu.Server.csproj", "{C47156A2-4E19-4586-8040-932B5BED5FB8}"
EndProject
Project("{FAE04EC0-301F-11D3-BF4B-00C04F79EFBC}") = "Nabu.BlazorWasmDemo", "examples\Nabu.BlazorWasmDemo\Nabu.BlazorWasmDemo.csproj", "{77B3605C-60E7-4A2D-8014-7E2E80A47764}"
EndProject
Project("{FAE04EC0-301F-11D3-BF4B-00C04F79EFBC}") = "Nabu.Inference", "src\Nabu.Inference\Nabu.Inference.csproj", "{3810BB79-D579-42CD-98EF-0A7C0218F231}"
EndProject
Project("{FAE04EC0-301F-11D3-BF4B-00C04F79EFBC}") = "Nabu.BlazorDemo", "examples\Nabu.BlazorDemo\Nabu.BlazorDemo.csproj", "{57011BC2-7DEF-424F-9D3A-8CD49046AFE0}"
EndProject
Global
	GlobalSection(SolutionConfigurationPlatforms) = preSolution
		Debug|Any CPU = Debug|Any CPU
		Release|Any CPU = Release|Any CPU
	EndGlobalSection
	GlobalSection(ProjectConfigurationPlatforms) = postSolution
		{7034666F-E5B4-4B1B-B43E-8458F7683398}.Debug|Any CPU.ActiveCfg = Debug|Any CPU
		{7034666F-E5B4-4B1B-B43E-8458F7683398}.Debug|Any CPU.Build.0 = Debug|Any CPU
		{7034666F-E5B4-4B1B-B43E-8458F7683398}.Release|Any CPU.ActiveCfg = Release|Any CPU
		{7034666F-E5B4-4B1B-B43E-8458F7683398}.Release|Any CPU.Build.0 = Release|Any CPU
		{5ABC3064-CB9C-43A7-A3BD-5468FF040F28}.Debug|Any CPU.ActiveCfg = Debug|Any CPU
		{5ABC3064-CB9C-43A7-A3BD-5468FF040F28}.Debug|Any CPU.Build.0 = Debug|Any CPU
		{5ABC3064-CB9C-43A7-A3BD-5468FF040F28}.Release|Any CPU.ActiveCfg = Release|Any CPU
		{5ABC3064-CB9C-43A7-A3BD-5468FF040F28}.Release|Any CPU.Build.0 = Release|Any CPU
		{5F10D577-1B2A-40CF-8537-A22012D42557}.Debug|Any CPU.ActiveCfg = Debug|Any CPU
		{5F10D577-1B2A-40CF-8537-A22012D42557}.Debug|Any CPU.Build.0 = Debug|Any CPU
		{5F10D577-1B2A-40CF-8537-A22012D42557}.Release|Any CPU.ActiveCfg = Release|Any CPU
		{5F10D577-1B2A-40CF-8537-A22012D42557}.Release|Any CPU.Build.0 = Release|Any CPU
		{AF122E0A-3767-48B1-B967-D0DC08982F00}.Debug|Any CPU.ActiveCfg = Debug|Any CPU
		{AF122E0A-3767-48B1-B967-D0DC08982F00}.Debug|Any CPU.Build.0 = Debug|Any CPU
		{AF122E0A-3767-48B1-B967-D0DC08982F00}.Release|Any CPU.ActiveCfg = Release|Any CPU
		{AF122E0A-3767-48B1-B967-D0DC08982F00}.Release|Any CPU.Build.0 = Release|Any CPU
		{E642FA24-1329-4AF4-B35D-5D09A47DC5B7}.Debug|Any CPU.ActiveCfg = Debug|Any CPU
		{E642FA24-1329-4AF4-B35D-5D09A47DC5B7}.Debug|Any CPU.Build.0 = Debug|Any CPU
		{E642FA24-1329-4AF4-B35D-5D09A47DC5B7}.Release|Any CPU.ActiveCfg = Release|Any CPU
		{E642FA24-1329-4AF4-B35D-5D09A47DC5B7}.Release|Any CPU.Build.0 = Release|Any CPU
		{6254BF21-0ACC-411E-9FD5-4FB651617C5E}.Debug|Any CPU.ActiveCfg = Debug|Any CPU
		{6254BF21-0ACC-411E-9FD5-4FB651617C5E}.Debug|Any CPU.Build.0 = Debug|Any CPU
		{6254BF21-0ACC-411E-9FD5-4FB651617C5E}.Release|Any CPU.ActiveCfg = Release|Any CPU
		{6254BF21-0ACC-411E-9FD5-4FB651617C5E}.Release|Any CPU.Build.0 = Release|Any CPU
		{904A0340-CC60-43D3-B218-C552F2945F56}.Debug|Any CPU.ActiveCfg = Debug|Any CPU
		{904A0340-CC60-43D3-B218-C552F2945F56}.Debug|Any CPU.Build.0 = Debug|Any CPU
		{904A0340-CC60-43D3-B218-C552F2945F56}.Release|Any CPU.ActiveCfg = Release|Any CPU
		{904A0340-CC60-43D3-B218-C552F2945F56}.Release|Any CPU.Build.0 = Release|Any CPU
		{C47156A2-4E19-4586-8040-932B5BED5FB8}.Debug|Any CPU.ActiveCfg = Debug|Any CPU
		{C47156A2-4E19-4586-8040-932B5BED5FB8}.Debug|Any CPU.Build.0 = Debug|Any CPU
		{C47156A2-4E19-4586-8040-932B5BED5FB8}.Release|Any CPU.ActiveCfg = Release|Any CPU
		{C47156A2-4E19-4586-8040-932B5BED5FB8}.Release|Any CPU.Build.0 = Release|Any CPU
		{77B3605C-60E7-4A2D-8014-7E2E80A47764}.Debug|Any CPU.ActiveCfg = Debug|Any CPU
		{77B3605C-60E7-4A2D-8014-7E2E80A47764}.Debug|Any CPU.Build.0 = Debug|Any CPU
		{77B3605C-60E7-4A2D-8014-7E2E80A47764}.Release|Any CPU.ActiveCfg = Release|Any CPU
		{77B3605C-60E7-4A2D-8014-7E2E80A47764}.Release|Any CPU.Build.0 = Release|Any CPU
		{3810BB79-D579-42CD-98EF-0A7C0218F231}.Debug|Any CPU.ActiveCfg = Debug|Any CPU
		{3810BB79-D579-42CD-98EF-0A7C0218F231}.Debug|Any CPU.Build.0 = Debug|Any CPU
		{3810BB79-D579-42CD-98EF-0A7C0218F231}.Release|Any CPU.ActiveCfg = Release|Any CPU
		{3810BB79-D579-42CD-98EF-0A7C0218F231}.Release|Any CPU.Build.0 = Release|Any CPU
		{57011BC2-7DEF-424F-9D3A-8CD49046AFE0}.Debug|Any CPU.ActiveCfg = Debug|Any CPU
		{57011BC2-7DEF-424F-9D3A-8CD49046AFE0}.Debug|Any CPU.Build.0 = Debug|Any CPU
		{57011BC2-7DEF-424F-9D3A-8CD49046AFE0}.Release|Any CPU.ActiveCfg = Release|Any CPU
		{57011BC2-7DEF-424F-9D3A-8CD49046AFE0}.Release|Any CPU.Build.0 = Release|Any CPU
	EndGlobalSection
	GlobalSection(NestedProjects) = preSolution
		{904A0340-CC60-43D3-B218-C552F2945F56} = {842FD477-DE36-4B27-9921-5874FC526A44}
		{E642FA24-1329-4AF4-B35D-5D09A47DC5B7} = {6FED9533-882D-4850-AE65-0C315A613696}
		{6254BF21-0ACC-411E-9FD5-4FB651617C5E} = {6FED9533-882D-4850-AE65-0C315A613696}
		{5F10D577-1B2A-40CF-8537-A22012D42557} = {842FD477-DE36-4B27-9921-5874FC526A44}
		{AF122E0A-3767-48B1-B967-D0DC08982F00} = {6FED9533-882D-4850-AE65-0C315A613696}
		{7034666F-E5B4-4B1B-B43E-8458F7683398} = {BFCB1D50-EC45-43D8-A0C0-8FCFD3CD941C}
		{5ABC3064-CB9C-43A7-A3BD-5468FF040F28} = {BFCB1D50-EC45-43D8-A0C0-8FCFD3CD941C}
		{C47156A2-4E19-4586-8040-932B5BED5FB8} = {6FED9533-882D-4850-AE65-0C315A613696}
		{77B3605C-60E7-4A2D-8014-7E2E80A47764} = {842FD477-DE36-4B27-9921-5874FC526A44}
		{3810BB79-D579-42CD-98EF-0A7C0218F231} = {6FED9533-882D-4850-AE65-0C315A613696}
		{57011BC2-7DEF-424F-9D3A-8CD49046AFE0} = {842FD477-DE36-4B27-9921-5874FC526A44}
	EndGlobalSection
EndGlobal
